
Microsoft Visual Studio Solution File, Format Version 12.00
# 
Project("{FAE04EC0-301F-11D3-BF4B-00C04F79EFBC}") = "FlightBooking.Console", "FlightBookingConsole\FlightBooking.Console.csproj", "{EA075571-C5B7-4C0E-B0AC-7CCCBD1B2552}"
EndProject
Project("{FAE04EC0-301F-11D3-BF4B-00C04F79EFBC}") = "FlightBooking.Core", "FlightBooking.Core\FlightBooking.Core.csproj", "{22F6B34B-9154-4944-B1FD-D5564E250AE9}"
EndProject
Project("{FAE04EC0-301F-11D3-BF4B-00C04F79EFBC}") = "FlightBooking.Core.Tests", "FlightBooking.Core.Tests\FlightBooking.Core.Tests.csproj", "{B7DBF19E-0BFE-4395-B50A-06080DF26D34}"
EndProject
Global
	GlobalSection(SolutionConfigurationPlatforms) = preSolution
		Debug|Any CPU = Debug|Any CPU
		Release|Any CPU = Release|Any CPU
	EndGlobalSection
	GlobalSection(ProjectConfigurationPlatforms) = postSolution
		{EA075571-C5B7-4C0E-B0AC-7CCCBD1B2552}.Debug|Any CPU.ActiveCfg = Debug|Any CPU
		{EA075571-C5B7-4C0E-B0AC-7CCCBD1B2552}.Debug|Any CPU.Build.0 = Debug|Any CPU
		{EA075571-C5B7-4C0E-B0AC-7CCCBD1B2552}.Release|Any CPU.ActiveCfg = Release|Any CPU
		{EA075571-C5B7-4C0E-B0AC-7CCCBD1B2552}.Release|Any CPU.Build.0 = Release|Any CPU
		{22F6B34B-9154-4944-B1FD-D5564E250AE9}.Debug|Any CPU.ActiveCfg = Debug|Any CPU
		{22F6B34B-9154-4944-B1FD-D5564E250AE9}.Debug|Any CPU.Build.0 = Debug|Any CPU
		{22F6B34B-9154-4944-B1FD-D5564E250AE9}.Release|Any CPU.ActiveCfg = Release|Any CPU
		{22F6B34B-9154-4944-B1FD-D5564E250AE9}.Release|Any CPU.Build.0 = Release|Any CPU
		{B7DBF19E-0BFE-4395-B50A-06080DF26D34}.Debug|Any CPU.ActiveCfg = Debug|Any CPU
		{B7DBF19E-0BFE-4395-B50A-06080DF26D34}.Debug|Any CPU.Build.0 = Debug|Any CPU
		{B7DBF19E-0BFE-4395-B50A-06080DF26D34}.Release|Any CPU.ActiveCfg = Release|Any CPU
		{B7DBF19E-0BFE-4395-B50A-06080DF26D34}.Release|Any CPU.Build.0 = Release|Any CPU
	EndGlobalSection
	GlobalSection(SolutionProperties) = preSolution
		HideSolutionNode = FALSE
	EndGlobalSection
EndGlobal
